
Microsoft Visual Studio Solution File, Format Version 12.00
# Visual Studio Version 17
VisualStudioVersion = 17.14.36616.10 d17.14
MinimumVisualStudioVersion = 10.0.40219.1
Project("{FAE04EC0-301F-11D3-BF4B-00C04F79EFBC}") = "LeetCodeChallenges", "LeetCodeChallenges\LeetCodeChallenges.csproj", "{BA6F60B2-A2A7-4211-BE05-A4B5058AFF65}"
EndProject
Global
	GlobalSection(SolutionConfigurationPlatforms) = preSolution
		Debug|Any CPU = Debug|Any CPU
		Release|Any CPU = Release|Any CPU
	EndGlobalSection
	GlobalSection(ProjectConfigurationPlatforms) = postSolution
		{BA6F60B2-A2A7-4211-BE05-A4B5058AFF65}.Debug|Any CPU.ActiveCfg = Debug|Any CPU
		{BA6F60B2-A2A7-4211-BE05-A4B5058AFF65}.Debug|Any CPU.Build.0 = Debug|Any CPU
		{BA6F60B2-A2A7-4211-BE05-A4B5058AFF65}.Release|Any CPU.ActiveCfg = Release|Any CPU
		{BA6F60B2-A2A7-4211-BE05-A4B5058AFF65}.Release|Any CPU.Build.0 = Release|Any CPU
	EndGlobalSection
	GlobalSection(SolutionProperties) = preSolution
		HideSolutionNode = FALSE
	EndGlobalSection
	GlobalSection(ExtensibilityGlobals) = postSolution
		SolutionGuid = {E43485B2-6FB4-476D-B6EB-5ADC911197FD}
	EndGlobalSection
EndGlobal
